
Microsoft Visual Studio Solution File, Format Version 12.00
# Visual Studio Version 17
VisualStudioVersion = 17.0.32002.185
MinimumVisualStudioVersion = 10.0.40219.1
Project("{9A19103F-16F7-4668-BE54-9A1E7A4F7556}") = "RenameFiles", "RenameFiles.csproj", "{A6995919-A71F-480C-AD4B-80E4C1BDC99B}"
EndProject
Global
	GlobalSection(SolutionConfigurationPlatforms) = preSolution
		Debug|Any CPU = Debug|Any CPU
		Release|Any CPU = Release|Any CPU
	EndGlobalSection
	GlobalSection(ProjectConfigurationPlatforms) = postSolution
		{A6995919-A71F-480C-AD4B-80E4C1BDC99B}.Debug|Any CPU.ActiveCfg = Debug|Any CPU
		{A6995919-A71F-480C-AD4B-80E4C1BDC99B}.Debug|Any CPU.Build.0 = Debug|Any CPU
		{A6995919-A71F-480C-AD4B-80E4C1BDC99B}.Release|Any CPU.ActiveCfg = Release|Any CPU
		{A6995919-A71F-480C-AD4B-80E4C1BDC99B}.Release|Any CPU.Build.0 = Release|Any CPU
	EndGlobalSection
	GlobalSection(SolutionProperties) = preSolution
		HideSolutionNode = FALSE
	EndGlobalSection
	GlobalSection(ExtensibilityGlobals) = postSolution
		SolutionGuid = {A7E2EFC7-93DC-4A05-BB27-E85C53D30855}
	EndGlobalSection
EndGlobal
